
Microsoft Visual Studio Solution File, Format Version 12.00
# Visual Studio Version 17
VisualStudioVersion = 17.7.34031.279
MinimumVisualStudioVersion = 10.0.40219.1
Project("{FAE04EC0-301F-11D3-BF4B-00C04F79EFBC}") = "Practic5", "Practic5\Practic5.csproj", "{F459F0E8-7D11-488B-91FF-52BE25A478BA}"
EndProject
Project("{FAE04EC0-301F-11D3-BF4B-00C04F79EFBC}") = "WpfLibrary1", "WpfLibrary1\WpfLibrary1.csproj", "{365FE1BA-2763-4BAF-B6F6-7DB3A3CC8DC9}"
EndProject
Global
	GlobalSection(SolutionConfigurationPlatforms) = preSolution
		Debug|Any CPU = Debug|Any CPU
		Release|Any CPU = Release|Any CPU
	EndGlobalSection
	GlobalSection(ProjectConfigurationPlatforms) = postSolution
		{F459F0E8-7D11-488B-91FF-52BE25A478BA}.Debug|Any CPU.ActiveCfg = Debug|Any CPU
		{F459F0E8-7D11-488B-91FF-52BE25A478BA}.Debug|Any CPU.Build.0 = Debug|Any CPU
		{F459F0E8-7D11-488B-91FF-52BE25A478BA}.Release|Any CPU.ActiveCfg = Release|Any CPU
		{F459F0E8-7D11-488B-91FF-52BE25A478BA}.Release|Any CPU.Build.0 = Release|Any CPU
		{365FE1BA-2763-4BAF-B6F6-7DB3A3CC8DC9}.Debug|Any CPU.ActiveCfg = Debug|Any CPU
		{365FE1BA-2763-4BAF-B6F6-7DB3A3CC8DC9}.Debug|Any CPU.Build.0 = Debug|Any CPU
		{365FE1BA-2763-4BAF-B6F6-7DB3A3CC8DC9}.Release|Any CPU.ActiveCfg = Release|Any CPU
		{365FE1BA-2763-4BAF-B6F6-7DB3A3CC8DC9}.Release|Any CPU.Build.0 = Release|Any CPU
	EndGlobalSection
	GlobalSection(SolutionProperties) = preSolution
		HideSolutionNode = FALSE
	EndGlobalSection
	GlobalSection(ExtensibilityGlobals) = postSolution
		SolutionGuid = {CAEB0227-7D17-44DC-B5A2-5CFD7C2AF42A}
	EndGlobalSection
EndGlobal
